
Microsoft Visual Studio Solution File, Format Version 12.00
# Visual Studio 2013
VisualStudioVersion = 12.0.21005.1
MinimumVisualStudioVersion = 10.0.40219.1
Project("{FAE04EC0-301F-11D3-BF4B-00C04F79EFBC}") = "Business Logic", "Business Logic\Business Logic.csproj", "{B4D48BBE-3534-4CE3-9ECE-D3522C8F42B7}"
EndProject
Project("{FAE04EC0-301F-11D3-BF4B-00C04F79EFBC}") = "PresentationLayer", "PresentationLayer\PresentationLayer.csproj", "{40E41E99-9DD6-43D7-9F7A-C39CC9EBDE96}"
EndProject
Project("{FAE04EC0-301F-11D3-BF4B-00C04F79EFBC}") = "DataModel", "DataModel\DataModel.csproj", "{31680898-BCC2-47E8-9712-04D98BC8E776}"
EndProject
Global
	GlobalSection(SolutionConfigurationPlatforms) = preSolution
		Debug|Any CPU = Debug|Any CPU
		Release|Any CPU = Release|Any CPU
	EndGlobalSection
	GlobalSection(ProjectConfigurationPlatforms) = postSolution
		{B4D48BBE-3534-4CE3-9ECE-D3522C8F42B7}.Debug|Any CPU.ActiveCfg = Debug|Any CPU
		{B4D48BBE-3534-4CE3-9ECE-D3522C8F42B7}.Debug|Any CPU.Build.0 = Debug|Any CPU
		{B4D48BBE-3534-4CE3-9ECE-D3522C8F42B7}.Release|Any CPU.ActiveCfg = Release|Any CPU
		{B4D48BBE-3534-4CE3-9ECE-D3522C8F42B7}.Release|Any CPU.Build.0 = Release|Any CPU
		{40E41E99-9DD6-43D7-9F7A-C39CC9EBDE96}.Debug|Any CPU.ActiveCfg = Debug|Any CPU
		{40E41E99-9DD6-43D7-9F7A-C39CC9EBDE96}.Debug|Any CPU.Build.0 = Debug|Any CPU
		{40E41E99-9DD6-43D7-9F7A-C39CC9EBDE96}.Release|Any CPU.ActiveCfg = Release|Any CPU
		{40E41E99-9DD6-43D7-9F7A-C39CC9EBDE96}.Release|Any CPU.Build.0 = Release|Any CPU
		{31680898-BCC2-47E8-9712-04D98BC8E776}.Debug|Any CPU.ActiveCfg = Debug|Any CPU
		{31680898-BCC2-47E8-9712-04D98BC8E776}.Debug|Any CPU.Build.0 = Debug|Any CPU
		{31680898-BCC2-47E8-9712-04D98BC8E776}.Release|Any CPU.ActiveCfg = Release|Any CPU
		{31680898-BCC2-47E8-9712-04D98BC8E776}.Release|Any CPU.Build.0 = Release|Any CPU
	EndGlobalSection
	GlobalSection(SolutionProperties) = preSolution
		HideSolutionNode = FALSE
	EndGlobalSection
EndGlobal
